
Microsoft Visual Studio Solution File, Format Version 10.00
# Visual Studio 2008
Project("{FAE04EC0-301F-11D3-BF4B-00C04F79EFBC}") = "PortableArea", "PortableArea\PortableArea.csproj", "{071EEBAF-7FC4-4072-9814-11E8D5A9B776}"
EndProject
Project("{FAE04EC0-301F-11D3-BF4B-00C04F79EFBC}") = "MvcApp", "MvcApplication1\MvcApp.csproj", "{63DE86F3-07FD-48E6-8861-788DF4043B65}"
EndProject
Global
	GlobalSection(SolutionConfigurationPlatforms) = preSolution
		Debug|Any CPU = Debug|Any CPU
		Release|Any CPU = Release|Any CPU
	EndGlobalSection
	GlobalSection(ProjectConfigurationPlatforms) = postSolution
		{071EEBAF-7FC4-4072-9814-11E8D5A9B776}.Debug|Any CPU.ActiveCfg = Debug|Any CPU
		{071EEBAF-7FC4-4072-9814-11E8D5A9B776}.Debug|Any CPU.Build.0 = Debug|Any CPU
		{071EEBAF-7FC4-4072-9814-11E8D5A9B776}.Release|Any CPU.ActiveCfg = Release|Any CPU
		{071EEBAF-7FC4-4072-9814-11E8D5A9B776}.Release|Any CPU.Build.0 = Release|Any CPU
		{63DE86F3-07FD-48E6-8861-788DF4043B65}.Debug|Any CPU.ActiveCfg = Debug|Any CPU
		{63DE86F3-07FD-48E6-8861-788DF4043B65}.Debug|Any CPU.Build.0 = Debug|Any CPU
		{63DE86F3-07FD-48E6-8861-788DF4043B65}.Release|Any CPU.ActiveCfg = Release|Any CPU
		{63DE86F3-07FD-48E6-8861-788DF4043B65}.Release|Any CPU.Build.0 = Release|Any CPU
	EndGlobalSection
	GlobalSection(SolutionProperties) = preSolution
		HideSolutionNode = FALSE
	EndGlobalSection
EndGlobal
