
Microsoft Visual Studio Solution File, Format Version 10.00
# Visual Studio 2008
Project("{FAE04EC0-301F-11D3-BF4B-00C04F79EFBC}") = "WebApplication2", "WebApplication2\WebApplication2.csproj", "{494A5A78-973D-4BBE-80D0-E975E981B13E}"
EndProject
Global
	GlobalSection(SolutionConfigurationPlatforms) = preSolution
		Debug|Any CPU = Debug|Any CPU
		Release|Any CPU = Release|Any CPU
	EndGlobalSection
	GlobalSection(ProjectConfigurationPlatforms) = postSolution
		{494A5A78-973D-4BBE-80D0-E975E981B13E}.Debug|Any CPU.ActiveCfg = Debug|Any CPU
		{494A5A78-973D-4BBE-80D0-E975E981B13E}.Debug|Any CPU.Build.0 = Debug|Any CPU
		{494A5A78-973D-4BBE-80D0-E975E981B13E}.Release|Any CPU.ActiveCfg = Release|Any CPU
		{494A5A78-973D-4BBE-80D0-E975E981B13E}.Release|Any CPU.Build.0 = Release|Any CPU
	EndGlobalSection
	GlobalSection(SolutionProperties) = preSolution
		HideSolutionNode = FALSE
	EndGlobalSection
EndGlobal
