
Microsoft Visual Studio Solution File, Format Version 10.00
# Visual Studio 2008
Project("{FAE04EC0-301F-11D3-BF4B-00C04F79EFBC}") = "RouteDebugger", "Chapter24\RouteDebugger.csproj", "{542E1254-BE45-4018-BDC8-86F4A6F3813E}"
EndProject
Global
	GlobalSection(SolutionConfigurationPlatforms) = preSolution
		Debug|Any CPU = Debug|Any CPU
		Release|Any CPU = Release|Any CPU
	EndGlobalSection
	GlobalSection(ProjectConfigurationPlatforms) = postSolution
		{542E1254-BE45-4018-BDC8-86F4A6F3813E}.Debug|Any CPU.ActiveCfg = Debug|Any CPU
		{542E1254-BE45-4018-BDC8-86F4A6F3813E}.Debug|Any CPU.Build.0 = Debug|Any CPU
		{542E1254-BE45-4018-BDC8-86F4A6F3813E}.Release|Any CPU.ActiveCfg = Release|Any CPU
		{542E1254-BE45-4018-BDC8-86F4A6F3813E}.Release|Any CPU.Build.0 = Release|Any CPU
	EndGlobalSection
	GlobalSection(SolutionProperties) = preSolution
		HideSolutionNode = FALSE
	EndGlobalSection
EndGlobal
