
Microsoft Visual Studio Solution File, Format Version 10.00
# Visual Studio 2008
Project("{FAE04EC0-301F-11D3-BF4B-00C04F79EFBC}") = "InputModel", "InputModel\InputModel.csproj", "{11904586-CE47-4C61-80D7-3FA2AFF2388A}"
EndProject
Global
	GlobalSection(SolutionConfigurationPlatforms) = preSolution
		Debug|Any CPU = Debug|Any CPU
		Release|Any CPU = Release|Any CPU
	EndGlobalSection
	GlobalSection(ProjectConfigurationPlatforms) = postSolution
		{11904586-CE47-4C61-80D7-3FA2AFF2388A}.Debug|Any CPU.ActiveCfg = Debug|Any CPU
		{11904586-CE47-4C61-80D7-3FA2AFF2388A}.Debug|Any CPU.Build.0 = Debug|Any CPU
		{11904586-CE47-4C61-80D7-3FA2AFF2388A}.Release|Any CPU.ActiveCfg = Release|Any CPU
		{11904586-CE47-4C61-80D7-3FA2AFF2388A}.Release|Any CPU.Build.0 = Release|Any CPU
	EndGlobalSection
	GlobalSection(SolutionProperties) = preSolution
		HideSolutionNode = FALSE
	EndGlobalSection
EndGlobal
