
Microsoft Visual Studio Solution File, Format Version 10.00
# Visual Studio 2008
Project("{FAE04EC0-301F-11D3-BF4B-00C04F79EFBC}") = "RequireHttps", "RequireHttps\RequireHttps.csproj", "{9968C367-62C1-43D3-8DF2-1966F548631A}"
EndProject
Global
	GlobalSection(SolutionConfigurationPlatforms) = preSolution
		Debug|Any CPU = Debug|Any CPU
		Release|Any CPU = Release|Any CPU
	EndGlobalSection
	GlobalSection(ProjectConfigurationPlatforms) = postSolution
		{9968C367-62C1-43D3-8DF2-1966F548631A}.Debug|Any CPU.ActiveCfg = Debug|Any CPU
		{9968C367-62C1-43D3-8DF2-1966F548631A}.Debug|Any CPU.Build.0 = Debug|Any CPU
		{9968C367-62C1-43D3-8DF2-1966F548631A}.Release|Any CPU.ActiveCfg = Release|Any CPU
		{9968C367-62C1-43D3-8DF2-1966F548631A}.Release|Any CPU.Build.0 = Release|Any CPU
	EndGlobalSection
	GlobalSection(SolutionProperties) = preSolution
		HideSolutionNode = FALSE
	EndGlobalSection
EndGlobal
