
Microsoft Visual Studio Solution File, Format Version 10.00
# Visual Studio 2008
Project("{FAE04EC0-301F-11D3-BF4B-00C04F79EFBC}") = "ControllerFactories", "ControllerFactories\ControllerFactories.csproj", "{8D49E835-C00C-4136-BE0E-2868217B56B9}"
EndProject
Global
	GlobalSection(SolutionConfigurationPlatforms) = preSolution
		Debug|Any CPU = Debug|Any CPU
		Release|Any CPU = Release|Any CPU
	EndGlobalSection
	GlobalSection(ProjectConfigurationPlatforms) = postSolution
		{8D49E835-C00C-4136-BE0E-2868217B56B9}.Debug|Any CPU.ActiveCfg = Debug|Any CPU
		{8D49E835-C00C-4136-BE0E-2868217B56B9}.Debug|Any CPU.Build.0 = Debug|Any CPU
		{8D49E835-C00C-4136-BE0E-2868217B56B9}.Release|Any CPU.ActiveCfg = Release|Any CPU
		{8D49E835-C00C-4136-BE0E-2868217B56B9}.Release|Any CPU.Build.0 = Release|Any CPU
	EndGlobalSection
	GlobalSection(SolutionProperties) = preSolution
		HideSolutionNode = FALSE
	EndGlobalSection
EndGlobal
