Microsoft Visual Studio Solution File, Format Version 9.00
# Visual Studio 2005
Project("{e24c65dc-7377-472b-9aba-bc803b73c61a}") = "Samples", ".\Samples", "{10584041-fe03-4d55-96ea-6f797fd216d6}"
ProjectSection(WebsiteProperties) = preProject
ProjectReferences = ""
Debug.AspNetCompiler.VirtualPath = "/Samples"
Debug.AspNetCompiler.PhysicalPath = ".\Samples"
Debug.AspNetCompiler.TargetPath = "PrecompiledWeb\Samples"
Debug.AspNetCompiler.Updateable = "true"
Debug.AspNetCompiler.ForceOverwrite = "true"
Debug.AspNetCompiler.FixedNames = "false"
Debug.AspNetCompiler.Debug = "True"
Release.AspNetCompiler.VirtualPath = "/Samples"
Release.AspNetCompiler.PhysicalPath = ".\Samples"
Release.AspNetCompiler.TargetPath = "PrecompiledWeb\Samples"
Release.AspNetCompiler.Updateable = "true"
Release.AspNetCompiler.ForceOverwrite = "true"
Release.AspNetCompiler.FixedNames = "false"
Release.AspNetCompiler.Release = "False"
EndProjectSection
EndProject
Global
GlobalSection(SolutionConfigurationPlatforms) = preSolution
Debug|.NET = Debug|.NET
Debug|Any CPU = Debug|Any CPU
Release|.NET = Release|.NET
Release|Any CPU = Release|Any CPU
EndGlobalSection
GlobalSection(ProjectConfigurationPlatforms) = postSolution
{10584041-fe03-4d55-96ea-6f797fd216d6}.Debug|.NET.ActiveCfg = Debug|.NET
{10584041-fe03-4d55-96ea-6f797fd216d6}.Debug|.NET.Build.0 = Debug|.NET
{10584041-fe03-4d55-96ea-6f797fd216d6}.Debug|Any CPU.ActiveCfg = Debug|.NET
{10584041-fe03-4d55-96ea-6f797fd216d6}.Debug|Any CPU.Build.0 = Debug|.NET
{10584041-fe03-4d55-96ea-6f797fd216d6}.Release|.NET.ActiveCfg = Debug|.NET
{10584041-fe03-4d55-96ea-6f797fd216d6}.Release|.NET.Build.0 = Debug|.NET
{10584041-fe03-4d55-96ea-6f797fd216d6}.Release|Any CPU.ActiveCfg = Debug|.NET
EndGlobalSection
GlobalSection(SolutionProperties) = preSolution
HideSolutionNode = FALSE
EndGlobalSection
EndGlobal
