
Microsoft Visual Studio Solution File, Format Version 10.00
# Visual Studio 2008
Project("{FAE04EC0-301F-11D3-BF4B-00C04F79EFBC}") = "Lightweight", "WithAutomapper\Lightweight.csproj", "{7AC6089A-F4D2-4386-BE00-E7CBFDD93569}"
EndProject
Project("{FAE04EC0-301F-11D3-BF4B-00C04F79EFBC}") = "AddingFiltersWithoutSupertype", "AddingFiltersWithoutSupertype\AddingFiltersWithoutSupertype.csproj", "{FCFEA99D-671D-4BFD-B1A1-499C6E93B2B4}"
EndProject
Global
	GlobalSection(SolutionConfigurationPlatforms) = preSolution
		Debug|Any CPU = Debug|Any CPU
		Release|Any CPU = Release|Any CPU
	EndGlobalSection
	GlobalSection(ProjectConfigurationPlatforms) = postSolution
		{7AC6089A-F4D2-4386-BE00-E7CBFDD93569}.Debug|Any CPU.ActiveCfg = Debug|Any CPU
		{7AC6089A-F4D2-4386-BE00-E7CBFDD93569}.Debug|Any CPU.Build.0 = Debug|Any CPU
		{7AC6089A-F4D2-4386-BE00-E7CBFDD93569}.Release|Any CPU.ActiveCfg = Release|Any CPU
		{7AC6089A-F4D2-4386-BE00-E7CBFDD93569}.Release|Any CPU.Build.0 = Release|Any CPU
		{FCFEA99D-671D-4BFD-B1A1-499C6E93B2B4}.Debug|Any CPU.ActiveCfg = Debug|Any CPU
		{FCFEA99D-671D-4BFD-B1A1-499C6E93B2B4}.Debug|Any CPU.Build.0 = Debug|Any CPU
		{FCFEA99D-671D-4BFD-B1A1-499C6E93B2B4}.Release|Any CPU.ActiveCfg = Release|Any CPU
		{FCFEA99D-671D-4BFD-B1A1-499C6E93B2B4}.Release|Any CPU.Build.0 = Release|Any CPU
	EndGlobalSection
	GlobalSection(SolutionProperties) = preSolution
		HideSolutionNode = FALSE
	EndGlobalSection
EndGlobal
