
Microsoft Visual Studio Solution File, Format Version 10.00
# Visual Studio 2008
Project("{FAE04EC0-301F-11D3-BF4B-00C04F79EFBC}") = "UI", "UI\UI.csproj", "{D1977BDD-8279-450D-8C93-1D6B0BC4C3BB}"
EndProject
Project("{FAE04EC0-301F-11D3-BF4B-00C04F79EFBC}") = "IntegrationTests", "IntegrationTests\IntegrationTests.csproj", "{BD6A6439-436C-429D-AA45-DE27FAD53324}"
EndProject
Project("{FAE04EC0-301F-11D3-BF4B-00C04F79EFBC}") = "Core", "Core\Core.csproj", "{929AF128-C08D-4332-B2E9-40AF56BD1538}"
EndProject
Project("{FAE04EC0-301F-11D3-BF4B-00C04F79EFBC}") = "Infrastructure", "Infrastructure\Infrastructure.csproj", "{E84E9D61-2A0D-44A0-A10D-77B305A7D2D1}"
EndProject
Project("{2150E333-8FDC-42A3-9474-1A3956D46DE8}") = "Configs", "Configs", "{2FEE7E4F-FA38-41E0-BB60-70180ACEE3F8}"
	ProjectSection(SolutionItems) = preProject
		hibernate.cfg.xml = hibernate.cfg.xml
		Log4Net.config = Log4Net.config
	EndProjectSection
EndProject
Global
	GlobalSection(SolutionConfigurationPlatforms) = preSolution
		Debug|Any CPU = Debug|Any CPU
		Release|Any CPU = Release|Any CPU
	EndGlobalSection
	GlobalSection(ProjectConfigurationPlatforms) = postSolution
		{D1977BDD-8279-450D-8C93-1D6B0BC4C3BB}.Debug|Any CPU.ActiveCfg = Debug|Any CPU
		{D1977BDD-8279-450D-8C93-1D6B0BC4C3BB}.Debug|Any CPU.Build.0 = Debug|Any CPU
		{D1977BDD-8279-450D-8C93-1D6B0BC4C3BB}.Release|Any CPU.ActiveCfg = Release|Any CPU
		{D1977BDD-8279-450D-8C93-1D6B0BC4C3BB}.Release|Any CPU.Build.0 = Release|Any CPU
		{BD6A6439-436C-429D-AA45-DE27FAD53324}.Debug|Any CPU.ActiveCfg = Debug|Any CPU
		{BD6A6439-436C-429D-AA45-DE27FAD53324}.Debug|Any CPU.Build.0 = Debug|Any CPU
		{BD6A6439-436C-429D-AA45-DE27FAD53324}.Release|Any CPU.ActiveCfg = Release|Any CPU
		{BD6A6439-436C-429D-AA45-DE27FAD53324}.Release|Any CPU.Build.0 = Release|Any CPU
		{929AF128-C08D-4332-B2E9-40AF56BD1538}.Debug|Any CPU.ActiveCfg = Debug|Any CPU
		{929AF128-C08D-4332-B2E9-40AF56BD1538}.Debug|Any CPU.Build.0 = Debug|Any CPU
		{929AF128-C08D-4332-B2E9-40AF56BD1538}.Release|Any CPU.ActiveCfg = Release|Any CPU
		{929AF128-C08D-4332-B2E9-40AF56BD1538}.Release|Any CPU.Build.0 = Release|Any CPU
		{E84E9D61-2A0D-44A0-A10D-77B305A7D2D1}.Debug|Any CPU.ActiveCfg = Debug|Any CPU
		{E84E9D61-2A0D-44A0-A10D-77B305A7D2D1}.Debug|Any CPU.Build.0 = Debug|Any CPU
		{E84E9D61-2A0D-44A0-A10D-77B305A7D2D1}.Release|Any CPU.ActiveCfg = Release|Any CPU
		{E84E9D61-2A0D-44A0-A10D-77B305A7D2D1}.Release|Any CPU.Build.0 = Release|Any CPU
	EndGlobalSection
	GlobalSection(SolutionProperties) = preSolution
		HideSolutionNode = FALSE
	EndGlobalSection
EndGlobal
