
Microsoft Visual Studio Solution File, Format Version 10.00
# Visual Studio 2008
Project("{FAE04EC0-301F-11D3-BF4B-00C04F79EFBC}") = "Routes", "Routes\Routes.csproj", "{461EF2FF-2DEE-4B42-A06C-5DCEA23B1312}"
EndProject
Project("{FAE04EC0-301F-11D3-BF4B-00C04F79EFBC}") = "UnitTestingExamples", "UnitTestingExamples\UnitTestingExamples.csproj", "{51E1F2E0-D7DF-4DE8-A69F-AA5070DD4A32}"
EndProject
Project("{FAE04EC0-301F-11D3-BF4B-00C04F79EFBC}") = "UnitTestingExamples.Tests", "UnitTestingExamples.Tests\UnitTestingExamples.Tests.csproj", "{783B71BE-9A46-4C76-9E45-AB128B053DB1}"
EndProject
Global
	GlobalSection(SolutionConfigurationPlatforms) = preSolution
		Debug|Any CPU = Debug|Any CPU
		Release|Any CPU = Release|Any CPU
	EndGlobalSection
	GlobalSection(ProjectConfigurationPlatforms) = postSolution
		{461EF2FF-2DEE-4B42-A06C-5DCEA23B1312}.Debug|Any CPU.ActiveCfg = Debug|Any CPU
		{461EF2FF-2DEE-4B42-A06C-5DCEA23B1312}.Debug|Any CPU.Build.0 = Debug|Any CPU
		{461EF2FF-2DEE-4B42-A06C-5DCEA23B1312}.Release|Any CPU.ActiveCfg = Release|Any CPU
		{461EF2FF-2DEE-4B42-A06C-5DCEA23B1312}.Release|Any CPU.Build.0 = Release|Any CPU
		{51E1F2E0-D7DF-4DE8-A69F-AA5070DD4A32}.Debug|Any CPU.ActiveCfg = Debug|Any CPU
		{51E1F2E0-D7DF-4DE8-A69F-AA5070DD4A32}.Debug|Any CPU.Build.0 = Debug|Any CPU
		{51E1F2E0-D7DF-4DE8-A69F-AA5070DD4A32}.Release|Any CPU.ActiveCfg = Release|Any CPU
		{51E1F2E0-D7DF-4DE8-A69F-AA5070DD4A32}.Release|Any CPU.Build.0 = Release|Any CPU
		{783B71BE-9A46-4C76-9E45-AB128B053DB1}.Debug|Any CPU.ActiveCfg = Debug|Any CPU
		{783B71BE-9A46-4C76-9E45-AB128B053DB1}.Debug|Any CPU.Build.0 = Debug|Any CPU
		{783B71BE-9A46-4C76-9E45-AB128B053DB1}.Release|Any CPU.ActiveCfg = Release|Any CPU
		{783B71BE-9A46-4C76-9E45-AB128B053DB1}.Release|Any CPU.Build.0 = Release|Any CPU
	EndGlobalSection
	GlobalSection(SolutionProperties) = preSolution
		HideSolutionNode = FALSE
	EndGlobalSection
EndGlobal
