
Microsoft Visual Studio Solution File, Format Version 10.00
# Visual Studio 2008
Project("{FAE04EC0-301F-11D3-BF4B-00C04F79EFBC}") = "RssWidgetPortableAreaSample", "RssWidgetPortableArea\RssWidgetPortableAreaSample.csproj", "{3D0A203C-C02A-40AD-9010-DAC490898905}"
EndProject
Project("{FAE04EC0-301F-11D3-BF4B-00C04F79EFBC}") = "RssWidget", "ClassLibrary1\RssWidget.csproj", "{3075E6BC-B19E-4C00-B5C9-7650681C8F9E}"
EndProject
Global
	GlobalSection(SolutionConfigurationPlatforms) = preSolution
		Debug|Any CPU = Debug|Any CPU
		Release|Any CPU = Release|Any CPU
	EndGlobalSection
	GlobalSection(ProjectConfigurationPlatforms) = postSolution
		{3D0A203C-C02A-40AD-9010-DAC490898905}.Debug|Any CPU.ActiveCfg = Debug|Any CPU
		{3D0A203C-C02A-40AD-9010-DAC490898905}.Debug|Any CPU.Build.0 = Debug|Any CPU
		{3D0A203C-C02A-40AD-9010-DAC490898905}.Release|Any CPU.ActiveCfg = Release|Any CPU
		{3D0A203C-C02A-40AD-9010-DAC490898905}.Release|Any CPU.Build.0 = Release|Any CPU
		{3075E6BC-B19E-4C00-B5C9-7650681C8F9E}.Debug|Any CPU.ActiveCfg = Debug|Any CPU
		{3075E6BC-B19E-4C00-B5C9-7650681C8F9E}.Debug|Any CPU.Build.0 = Debug|Any CPU
		{3075E6BC-B19E-4C00-B5C9-7650681C8F9E}.Release|Any CPU.ActiveCfg = Release|Any CPU
		{3075E6BC-B19E-4C00-B5C9-7650681C8F9E}.Release|Any CPU.Build.0 = Release|Any CPU
	EndGlobalSection
	GlobalSection(SolutionProperties) = preSolution
		HideSolutionNode = FALSE
	EndGlobalSection
EndGlobal
