
Microsoft Visual Studio Solution File, Format Version 10.00
# Visual Studio 2008
Project("{FAE04EC0-301F-11D3-BF4B-00C04F79EFBC}") = "Target", "Target\Target.csproj", "{F192B9DA-6287-4DC8-A318-5B207D1B0261}"
EndProject
Project("{FAE04EC0-301F-11D3-BF4B-00C04F79EFBC}") = "Attacker", "Attacker\Attacker.csproj", "{22A6FC79-1A2E-4415-91D1-1A630127A844}"
EndProject
Global
	GlobalSection(SolutionConfigurationPlatforms) = preSolution
		Debug|Any CPU = Debug|Any CPU
		Release|Any CPU = Release|Any CPU
	EndGlobalSection
	GlobalSection(ProjectConfigurationPlatforms) = postSolution
		{F192B9DA-6287-4DC8-A318-5B207D1B0261}.Debug|Any CPU.ActiveCfg = Debug|Any CPU
		{F192B9DA-6287-4DC8-A318-5B207D1B0261}.Debug|Any CPU.Build.0 = Debug|Any CPU
		{F192B9DA-6287-4DC8-A318-5B207D1B0261}.Release|Any CPU.ActiveCfg = Release|Any CPU
		{F192B9DA-6287-4DC8-A318-5B207D1B0261}.Release|Any CPU.Build.0 = Release|Any CPU
		{22A6FC79-1A2E-4415-91D1-1A630127A844}.Debug|Any CPU.ActiveCfg = Debug|Any CPU
		{22A6FC79-1A2E-4415-91D1-1A630127A844}.Debug|Any CPU.Build.0 = Debug|Any CPU
		{22A6FC79-1A2E-4415-91D1-1A630127A844}.Release|Any CPU.ActiveCfg = Release|Any CPU
		{22A6FC79-1A2E-4415-91D1-1A630127A844}.Release|Any CPU.Build.0 = Release|Any CPU
	EndGlobalSection
	GlobalSection(SolutionProperties) = preSolution
		HideSolutionNode = FALSE
	EndGlobalSection
EndGlobal
