
Microsoft Visual Studio Solution File, Format Version 10.00
# Visual Studio 2008
Project("{FAE04EC0-301F-11D3-BF4B-00C04F79EFBC}") = "UITesting", "UITesting\UITesting.csproj", "{C7748E7A-E7C0-4EE4-852D-138E5765E2A5}"
EndProject
Project("{FAE04EC0-301F-11D3-BF4B-00C04F79EFBC}") = "UITesting.Tests", "UITesting.Tests\UITesting.Tests.csproj", "{EAFD82A5-A41B-405A-91E0-79790D2FB487}"
EndProject
Global
	GlobalSection(SolutionConfigurationPlatforms) = preSolution
		Debug|Any CPU = Debug|Any CPU
		Release|Any CPU = Release|Any CPU
	EndGlobalSection
	GlobalSection(ProjectConfigurationPlatforms) = postSolution
		{C7748E7A-E7C0-4EE4-852D-138E5765E2A5}.Debug|Any CPU.ActiveCfg = Debug|Any CPU
		{C7748E7A-E7C0-4EE4-852D-138E5765E2A5}.Debug|Any CPU.Build.0 = Debug|Any CPU
		{C7748E7A-E7C0-4EE4-852D-138E5765E2A5}.Release|Any CPU.ActiveCfg = Release|Any CPU
		{C7748E7A-E7C0-4EE4-852D-138E5765E2A5}.Release|Any CPU.Build.0 = Release|Any CPU
		{EAFD82A5-A41B-405A-91E0-79790D2FB487}.Debug|Any CPU.ActiveCfg = Debug|Any CPU
		{EAFD82A5-A41B-405A-91E0-79790D2FB487}.Debug|Any CPU.Build.0 = Debug|Any CPU
		{EAFD82A5-A41B-405A-91E0-79790D2FB487}.Release|Any CPU.ActiveCfg = Release|Any CPU
		{EAFD82A5-A41B-405A-91E0-79790D2FB487}.Release|Any CPU.Build.0 = Release|Any CPU
	EndGlobalSection
	GlobalSection(SolutionProperties) = preSolution
		HideSolutionNode = FALSE
	EndGlobalSection
EndGlobal
