
Microsoft Visual Studio Solution File, Format Version 10.00
# Visual Studio 2008
Project("{FAE04EC0-301F-11D3-BF4B-00C04F79EFBC}") = "DisplayModel", "DisplayModel\DisplayModel.csproj", "{315517B8-0011-4306-9E25-7B42585740D8}"
EndProject
Global
	GlobalSection(SolutionConfigurationPlatforms) = preSolution
		Debug|Any CPU = Debug|Any CPU
		Release|Any CPU = Release|Any CPU
	EndGlobalSection
	GlobalSection(ProjectConfigurationPlatforms) = postSolution
		{315517B8-0011-4306-9E25-7B42585740D8}.Debug|Any CPU.ActiveCfg = Debug|Any CPU
		{315517B8-0011-4306-9E25-7B42585740D8}.Debug|Any CPU.Build.0 = Debug|Any CPU
		{315517B8-0011-4306-9E25-7B42585740D8}.Release|Any CPU.ActiveCfg = Release|Any CPU
		{315517B8-0011-4306-9E25-7B42585740D8}.Release|Any CPU.Build.0 = Release|Any CPU
	EndGlobalSection
	GlobalSection(SolutionProperties) = preSolution
		HideSolutionNode = FALSE
	EndGlobalSection
EndGlobal
