
Microsoft Visual Studio Solution File, Format Version 10.00
# Visual Studio 2008
Project("{FAE04EC0-301F-11D3-BF4B-00C04F79EFBC}") = "SampleIIS6WithExtension", "SampleIIS6WithExtension\SampleIIS6WithExtension.csproj", "{1E4E480C-093B-45D9-8029-D7268F997F57}"
EndProject
Global
	GlobalSection(SolutionConfigurationPlatforms) = preSolution
		Debug|Any CPU = Debug|Any CPU
		Release|Any CPU = Release|Any CPU
	EndGlobalSection
	GlobalSection(ProjectConfigurationPlatforms) = postSolution
		{1E4E480C-093B-45D9-8029-D7268F997F57}.Debug|Any CPU.ActiveCfg = Debug|Any CPU
		{1E4E480C-093B-45D9-8029-D7268F997F57}.Debug|Any CPU.Build.0 = Debug|Any CPU
		{1E4E480C-093B-45D9-8029-D7268F997F57}.Release|Any CPU.ActiveCfg = Release|Any CPU
		{1E4E480C-093B-45D9-8029-D7268F997F57}.Release|Any CPU.Build.0 = Release|Any CPU
	EndGlobalSection
	GlobalSection(SolutionProperties) = preSolution
		HideSolutionNode = FALSE
	EndGlobalSection
EndGlobal
