Microsoft Visual Studio Solution File, Format Version 8.00
Project("{fae04ec0-301f-11d3-bf4b-00c04f79efbc}") = "SamplesCS", "SamplesCS\SamplesCS.csproj", "{3920a6e6-0f7b-4133-9f94-826e23be01c8}"
ProjectSection(ProjectDependencies) = postProject
EndProjectSection
EndProject
Project("{f184b08f-c81c-45f6-a57f-5abd9991f28f}") = "SamplesVB", "SamplesVB\SamplesVB.vbproj", "{ccbc1af5-e9ee-475d-ba1b-7a92fbcc6c3d}"
ProjectSection(ProjectDependencies) = postProject
EndProjectSection
EndProject
Global
GlobalSection(SolutionConfiguration) = preSolution
Debug = Debug
Release = Release
EndGlobalSection
GlobalSection(ProjectDependencies) = postSolution
EndGlobalSection
GlobalSection(ProjectConfigurationPlatforms) = postSolution
{3920a6e6-0f7b-4133-9f94-826e23be01c8}.Debug|.NET.ActiveCfg = Debug|Any CPU
{3920a6e6-0f7b-4133-9f94-826e23be01c8}.Debug|Any CPU.ActiveCfg = Debug|Any CPU
{3920a6e6-0f7b-4133-9f94-826e23be01c8}.Debug|Any CPU.Build.0 = Debug|Any CPU
{3920a6e6-0f7b-4133-9f94-826e23be01c8}.Release|.NET.ActiveCfg = Release|Any CPU
{3920a6e6-0f7b-4133-9f94-826e23be01c8}.Release|Any CPU.ActiveCfg = Release|Any CPU
{3920a6e6-0f7b-4133-9f94-826e23be01c8}.Release|Any CPU.Build.0 = Release|Any CPU
{ccbc1af5-e9ee-475d-ba1b-7a92fbcc6c3d}.Debug|.NET.ActiveCfg = Debug|.NET
{ccbc1af5-e9ee-475d-ba1b-7a92fbcc6c3d}.Debug|.NET.Build.0 = Debug|.NET
{ccbc1af5-e9ee-475d-ba1b-7a92fbcc6c3d}.Debug|Any CPU.ActiveCfg = Debug|.NET
{ccbc1af5-e9ee-475d-ba1b-7a92fbcc6c3d}.Debug|Any CPU.Build.0 = Debug|.NET
{ccbc1af5-e9ee-475d-ba1b-7a92fbcc6c3d}.Release|.NET.ActiveCfg = Debug|.NET
{ccbc1af5-e9ee-475d-ba1b-7a92fbcc6c3d}.Release|.NET.Build.0 = Debug|.NET
{ccbc1af5-e9ee-475d-ba1b-7a92fbcc6c3d}.Release|Any CPU.ActiveCfg = Debug|.NET
EndGlobalSection
EndGlobal
